
Microsoft Visual Studio Solution File, Format Version 12.00
# Visual Studio Version 17
VisualStudioVersion = 17.14.36804.6
MinimumVisualStudioVersion = 10.0.40219.1
Project("{8BC9CEB8-8B4A-11D0-8D11-00A0C91BC942}") = "Program", "Program.vcxproj", "{8DA696A6-291F-4C40-B770-5F08EB5AE736}"
EndProject
Project("{8BC9CEB8-8B4A-11D0-8D11-00A0C91BC942}") = "Class1th (Single Linked List)", "..\Class1th (Single Linked List)\Class1th (Single Linked List).vcxproj", "{DA614C48-03D6-4BE3-BAAD-E6F99086ACEF}"
EndProject
Project("{8BC9CEB8-8B4A-11D0-8D11-00A0C91BC942}") = "Class2th (Double Linked List)", "..\Class2th (Double Linked List)\Class2th (Double Linked List).vcxproj", "{2DD5D371-E050-485B-9BD1-67060185C578}"
EndProject
Project("{8BC9CEB8-8B4A-11D0-8D11-00A0C91BC942}") = "Class3th (Circle Linked List)", "..\Class3th (Circle Linked List)\Class3th (Circle Linked List).vcxproj", "{F222A0D2-9622-4AFC-86DF-633E4FA84A16}"
EndProject
Project("{8BC9CEB8-8B4A-11D0-8D11-00A0C91BC942}") = "Class4th (Vector)", "..\Class4th (Vector)\Class4th (Vector).vcxproj", "{9EA034FF-46F6-4B1C-A17D-ACD7924B83C9}"
EndProject
Project("{8BC9CEB8-8B4A-11D0-8D11-00A0C91BC942}") = "Class5th (Stack)", "..\Class5th (Stack)\Class5th (Stack).vcxproj", "{7AD09F12-98FE-471A-9D24-48B5CA024D8D}"
EndProject
Project("{8BC9CEB8-8B4A-11D0-8D11-00A0C91BC942}") = "Class6th (Linear Queue)", "..\Class6th (Linear Queue)\Class6th (Linear Queue).vcxproj", "{80B28AFB-FB3A-405B-A8E7-C040F9198BF3}"
EndProject
Project("{8BC9CEB8-8B4A-11D0-8D11-00A0C91BC942}") = "Class7th (Circle Queue)", "..\Class7th (Circle Queue)\Class7th (Circle Queue).vcxproj", "{4715766F-06E4-45E3-8159-2215FF0FAA13}"
EndProject
Project("{8BC9CEB8-8B4A-11D0-8D11-00A0C91BC942}") = "Class8th (Priority Queue)", "..\Class8th (Priority Queue)\Class8th (Priority Queue).vcxproj", "{A2AFB70A-2D78-4D96-BDE7-A02F4451D9F2}"
EndProject
Project("{8BC9CEB8-8B4A-11D0-8D11-00A0C91BC942}") = "Class9th (Hash Table)", "..\Class9th (Hash Table)\Class9th (Hash Table).vcxproj", "{0515FE5C-17BF-49AA-875A-789E76E1AA91}"
EndProject
Project("{8BC9CEB8-8B4A-11D0-8D11-00A0C91BC942}") = "Class10th (Adjacency Matrix)", "..\Class10th (Adjacency Matrix)\Class10th (Adjacency Matrix).vcxproj", "{032C24F0-EB56-48A4-A927-C89061695365}"
EndProject
Project("{8BC9CEB8-8B4A-11D0-8D11-00A0C91BC942}") = "Class11th (Adjacency List)", "..\Class11th (Adjacency List)\Class11th (Adjacency List).vcxproj", "{0E494742-8D79-45CB-8D4D-2A5E2D003E5B}"
EndProject
Global
	GlobalSection(SolutionConfigurationPlatforms) = preSolution
		Debug|x64 = Debug|x64
		Debug|x86 = Debug|x86
		Release|x64 = Release|x64
		Release|x86 = Release|x86
	EndGlobalSection
	GlobalSection(ProjectConfigurationPlatforms) = postSolution
		{8DA696A6-291F-4C40-B770-5F08EB5AE736}.Debug|x64.ActiveCfg = Debug|x64
		{8DA696A6-291F-4C40-B770-5F08EB5AE736}.Debug|x64.Build.0 = Debug|x64
		{8DA696A6-291F-4C40-B770-5F08EB5AE736}.Debug|x86.ActiveCfg = Debug|Win32
		{8DA696A6-291F-4C40-B770-5F08EB5AE736}.Debug|x86.Build.0 = Debug|Win32
		{8DA696A6-291F-4C40-B770-5F08EB5AE736}.Release|x64.ActiveCfg = Release|x64
		{8DA696A6-291F-4C40-B770-5F08EB5AE736}.Release|x64.Build.0 = Release|x64
		{8DA696A6-291F-4C40-B770-5F08EB5AE736}.Release|x86.ActiveCfg = Release|Win32
		{8DA696A6-291F-4C40-B770-5F08EB5AE736}.Release|x86.Build.0 = Release|Win32
		{DA614C48-03D6-4BE3-BAAD-E6F99086ACEF}.Debug|x64.ActiveCfg = Debug|x64
		{DA614C48-03D6-4BE3-BAAD-E6F99086ACEF}.Debug|x64.Build.0 = Debug|x64
		{DA614C48-03D6-4BE3-BAAD-E6F99086ACEF}.Debug|x86.ActiveCfg = Debug|Win32
		{DA614C48-03D6-4BE3-BAAD-E6F99086ACEF}.Debug|x86.Build.0 = Debug|Win32
		{DA614C48-03D6-4BE3-BAAD-E6F99086ACEF}.Release|x64.ActiveCfg = Release|x64
		{DA614C48-03D6-4BE3-BAAD-E6F99086ACEF}.Release|x64.Build.0 = Release|x64
		{DA614C48-03D6-4BE3-BAAD-E6F99086ACEF}.Release|x86.ActiveCfg = Release|Win32
		{DA614C48-03D6-4BE3-BAAD-E6F99086ACEF}.Release|x86.Build.0 = Release|Win32
		{2DD5D371-E050-485B-9BD1-67060185C578}.Debug|x64.ActiveCfg = Debug|x64
		{2DD5D371-E050-485B-9BD1-67060185C578}.Debug|x64.Build.0 = Debug|x64
		{2DD5D371-E050-485B-9BD1-67060185C578}.Debug|x86.ActiveCfg = Debug|Win32
		{2DD5D371-E050-485B-9BD1-67060185C578}.Debug|x86.Build.0 = Debug|Win32
		{2DD5D371-E050-485B-9BD1-67060185C578}.Release|x64.ActiveCfg = Release|x64
		{2DD5D371-E050-485B-9BD1-67060185C578}.Release|x64.Build.0 = Release|x64
		{2DD5D371-E050-485B-9BD1-67060185C578}.Release|x86.ActiveCfg = Release|Win32
		{2DD5D371-E050-485B-9BD1-67060185C578}.Release|x86.Build.0 = Release|Win32
		{F222A0D2-9622-4AFC-86DF-633E4FA84A16}.Debug|x64.ActiveCfg = Debug|x64
		{F222A0D2-9622-4AFC-86DF-633E4FA84A16}.Debug|x64.Build.0 = Debug|x64
		{F222A0D2-9622-4AFC-86DF-633E4FA84A16}.Debug|x86.ActiveCfg = Debug|Win32
		{F222A0D2-9622-4AFC-86DF-633E4FA84A16}.Debug|x86.Build.0 = Debug|Win32
		{F222A0D2-9622-4AFC-86DF-633E4FA84A16}.Release|x64.ActiveCfg = Release|x64
		{F222A0D2-9622-4AFC-86DF-633E4FA84A16}.Release|x64.Build.0 = Release|x64
		{F222A0D2-9622-4AFC-86DF-633E4FA84A16}.Release|x86.ActiveCfg = Release|Win32
		{F222A0D2-9622-4AFC-86DF-633E4FA84A16}.Release|x86.Build.0 = Release|Win32
		{9EA034FF-46F6-4B1C-A17D-ACD7924B83C9}.Debug|x64.ActiveCfg = Debug|x64
		{9EA034FF-46F6-4B1C-A17D-ACD7924B83C9}.Debug|x64.Build.0 = Debug|x64
		{9EA034FF-46F6-4B1C-A17D-ACD7924B83C9}.Debug|x86.ActiveCfg = Debug|Win32
		{9EA034FF-46F6-4B1C-A17D-ACD7924B83C9}.Debug|x86.Build.0 = Debug|Win32
		{9EA034FF-46F6-4B1C-A17D-ACD7924B83C9}.Release|x64.ActiveCfg = Release|x64
		{9EA034FF-46F6-4B1C-A17D-ACD7924B83C9}.Release|x64.Build.0 = Release|x64
		{9EA034FF-46F6-4B1C-A17D-ACD7924B83C9}.Release|x86.ActiveCfg = Release|Win32
		{9EA034FF-46F6-4B1C-A17D-ACD7924B83C9}.Release|x86.Build.0 = Release|Win32
		{7AD09F12-98FE-471A-9D24-48B5CA024D8D}.Debug|x64.ActiveCfg = Debug|x64
		{7AD09F12-98FE-471A-9D24-48B5CA024D8D}.Debug|x64.Build.0 = Debug|x64
		{7AD09F12-98FE-471A-9D24-48B5CA024D8D}.Debug|x86.ActiveCfg = Debug|Win32
		{7AD09F12-98FE-471A-9D24-48B5CA024D8D}.Debug|x86.Build.0 = Debug|Win32
		{7AD09F12-98FE-471A-9D24-48B5CA024D8D}.Release|x64.ActiveCfg = Release|x64
		{7AD09F12-98FE-471A-9D24-48B5CA024D8D}.Release|x64.Build.0 = Release|x64
		{7AD09F12-98FE-471A-9D24-48B5CA024D8D}.Release|x86.ActiveCfg = Release|Win32
		{7AD09F12-98FE-471A-9D24-48B5CA024D8D}.Release|x86.Build.0 = Release|Win32
		{80B28AFB-FB3A-405B-A8E7-C040F9198BF3}.Debug|x64.ActiveCfg = Debug|x64
		{80B28AFB-FB3A-405B-A8E7-C040F9198BF3}.Debug|x64.Build.0 = Debug|x64
		{80B28AFB-FB3A-405B-A8E7-C040F9198BF3}.Debug|x86.ActiveCfg = Debug|Win32
		{80B28AFB-FB3A-405B-A8E7-C040F9198BF3}.Debug|x86.Build.0 = Debug|Win32
		{80B28AFB-FB3A-405B-A8E7-C040F9198BF3}.Release|x64.ActiveCfg = Release|x64
		{80B28AFB-FB3A-405B-A8E7-C040F9198BF3}.Release|x64.Build.0 = Release|x64
		{80B28AFB-FB3A-405B-A8E7-C040F9198BF3}.Release|x86.ActiveCfg = Release|Win32
		{80B28AFB-FB3A-405B-A8E7-C040F9198BF3}.Release|x86.Build.0 = Release|Win32
		{4715766F-06E4-45E3-8159-2215FF0FAA13}.Debug|x64.ActiveCfg = Debug|x64
		{4715766F-06E4-45E3-8159-2215FF0FAA13}.Debug|x64.Build.0 = Debug|x64
		{4715766F-06E4-45E3-8159-2215FF0FAA13}.Debug|x86.ActiveCfg = Debug|Win32
		{4715766F-06E4-45E3-8159-2215FF0FAA13}.Debug|x86.Build.0 = Debug|Win32
		{4715766F-06E4-45E3-8159-2215FF0FAA13}.Release|x64.ActiveCfg = Release|x64
		{4715766F-06E4-45E3-8159-2215FF0FAA13}.Release|x64.Build.0 = Release|x64
		{4715766F-06E4-45E3-8159-2215FF0FAA13}.Release|x86.ActiveCfg = Release|Win32
		{4715766F-06E4-45E3-8159-2215FF0FAA13}.Release|x86.Build.0 = Release|Win32
		{A2AFB70A-2D78-4D96-BDE7-A02F4451D9F2}.Debug|x64.ActiveCfg = Debug|x64
		{A2AFB70A-2D78-4D96-BDE7-A02F4451D9F2}.Debug|x64.Build.0 = Debug|x64
		{A2AFB70A-2D78-4D96-BDE7-A02F4451D9F2}.Debug|x86.ActiveCfg = Debug|Win32
		{A2AFB70A-2D78-4D96-BDE7-A02F4451D9F2}.Debug|x86.Build.0 = Debug|Win32
		{A2AFB70A-2D78-4D96-BDE7-A02F4451D9F2}.Release|x64.ActiveCfg = Release|x64
		{A2AFB70A-2D78-4D96-BDE7-A02F4451D9F2}.Release|x64.Build.0 = Release|x64
		{A2AFB70A-2D78-4D96-BDE7-A02F4451D9F2}.Release|x86.ActiveCfg = Release|Win32
		{A2AFB70A-2D78-4D96-BDE7-A02F4451D9F2}.Release|x86.Build.0 = Release|Win32
		{0515FE5C-17BF-49AA-875A-789E76E1AA91}.Debug|x64.ActiveCfg = Debug|x64
		{0515FE5C-17BF-49AA-875A-789E76E1AA91}.Debug|x64.Build.0 = Debug|x64
		{0515FE5C-17BF-49AA-875A-789E76E1AA91}.Debug|x86.ActiveCfg = Debug|Win32
		{0515FE5C-17BF-49AA-875A-789E76E1AA91}.Debug|x86.Build.0 = Debug|Win32
		{0515FE5C-17BF-49AA-875A-789E76E1AA91}.Release|x64.ActiveCfg = Release|x64
		{0515FE5C-17BF-49AA-875A-789E76E1AA91}.Release|x64.Build.0 = Release|x64
		{0515FE5C-17BF-49AA-875A-789E76E1AA91}.Release|x86.ActiveCfg = Release|Win32
		{0515FE5C-17BF-49AA-875A-789E76E1AA91}.Release|x86.Build.0 = Release|Win32
		{032C24F0-EB56-48A4-A927-C89061695365}.Debug|x64.ActiveCfg = Debug|x64
		{032C24F0-EB56-48A4-A927-C89061695365}.Debug|x64.Build.0 = Debug|x64
		{032C24F0-EB56-48A4-A927-C89061695365}.Debug|x86.ActiveCfg = Debug|Win32
		{032C24F0-EB56-48A4-A927-C89061695365}.Debug|x86.Build.0 = Debug|Win32
		{032C24F0-EB56-48A4-A927-C89061695365}.Release|x64.ActiveCfg = Release|x64
		{032C24F0-EB56-48A4-A927-C89061695365}.Release|x64.Build.0 = Release|x64
		{032C24F0-EB56-48A4-A927-C89061695365}.Release|x86.ActiveCfg = Release|Win32
		{032C24F0-EB56-48A4-A927-C89061695365}.Release|x86.Build.0 = Release|Win32
		{0E494742-8D79-45CB-8D4D-2A5E2D003E5B}.Debug|x64.ActiveCfg = Debug|x64
		{0E494742-8D79-45CB-8D4D-2A5E2D003E5B}.Debug|x64.Build.0 = Debug|x64
		{0E494742-8D79-45CB-8D4D-2A5E2D003E5B}.Debug|x86.ActiveCfg = Debug|Win32
		{0E494742-8D79-45CB-8D4D-2A5E2D003E5B}.Debug|x86.Build.0 = Debug|Win32
		{0E494742-8D79-45CB-8D4D-2A5E2D003E5B}.Release|x64.ActiveCfg = Release|x64
		{0E494742-8D79-45CB-8D4D-2A5E2D003E5B}.Release|x64.Build.0 = Release|x64
		{0E494742-8D79-45CB-8D4D-2A5E2D003E5B}.Release|x86.ActiveCfg = Release|Win32
		{0E494742-8D79-45CB-8D4D-2A5E2D003E5B}.Release|x86.Build.0 = Release|Win32
	EndGlobalSection
	GlobalSection(SolutionProperties) = preSolution
		HideSolutionNode = FALSE
	EndGlobalSection
	GlobalSection(ExtensibilityGlobals) = postSolution
		SolutionGuid = {576B18FB-2E1A-45DF-BA76-F78C60E8B62C}
	EndGlobalSection
EndGlobal
